
Microsoft Visual Studio Solution File, Format Version 12.00
# Visual Studio 14
VisualStudioVersion = 14.0.25420.1
MinimumVisualStudioVersion = 10.0.40219.1
Project("{FAE04EC0-301F-11D3-BF4B-00C04F79EFBC}") = "İteratorPattern", "Ödev3\İteratorPattern.csproj", "{1FB7526D-C010-4C19-9CF9-F58A65CB3F90}"
EndProject
Project("{FAE04EC0-301F-11D3-BF4B-00C04F79EFBC}") = "MediatorPattern", "MediatorPattern\MediatorPattern.csproj", "{9B45DF9F-BC6C-479A-95E5-0149639F54DB}"
EndProject
Project("{FAE04EC0-301F-11D3-BF4B-00C04F79EFBC}") = "ObserverPattern", "ObserverPattern\ObserverPattern.csproj", "{23F67D51-8D0B-4384-865E-A167DD78D44C}"
EndProject
Global
	GlobalSection(SolutionConfigurationPlatforms) = preSolution
		Debug|Any CPU = Debug|Any CPU
		Release|Any CPU = Release|Any CPU
	EndGlobalSection
	GlobalSection(ProjectConfigurationPlatforms) = postSolution
		{1FB7526D-C010-4C19-9CF9-F58A65CB3F90}.Debug|Any CPU.ActiveCfg = Debug|Any CPU
		{1FB7526D-C010-4C19-9CF9-F58A65CB3F90}.Debug|Any CPU.Build.0 = Debug|Any CPU
		{1FB7526D-C010-4C19-9CF9-F58A65CB3F90}.Release|Any CPU.ActiveCfg = Release|Any CPU
		{1FB7526D-C010-4C19-9CF9-F58A65CB3F90}.Release|Any CPU.Build.0 = Release|Any CPU
		{9B45DF9F-BC6C-479A-95E5-0149639F54DB}.Debug|Any CPU.ActiveCfg = Debug|Any CPU
		{9B45DF9F-BC6C-479A-95E5-0149639F54DB}.Debug|Any CPU.Build.0 = Debug|Any CPU
		{9B45DF9F-BC6C-479A-95E5-0149639F54DB}.Release|Any CPU.ActiveCfg = Release|Any CPU
		{9B45DF9F-BC6C-479A-95E5-0149639F54DB}.Release|Any CPU.Build.0 = Release|Any CPU
		{23F67D51-8D0B-4384-865E-A167DD78D44C}.Debug|Any CPU.ActiveCfg = Debug|Any CPU
		{23F67D51-8D0B-4384-865E-A167DD78D44C}.Debug|Any CPU.Build.0 = Debug|Any CPU
		{23F67D51-8D0B-4384-865E-A167DD78D44C}.Release|Any CPU.ActiveCfg = Release|Any CPU
		{23F67D51-8D0B-4384-865E-A167DD78D44C}.Release|Any CPU.Build.0 = Release|Any CPU
	EndGlobalSection
	GlobalSection(SolutionProperties) = preSolution
		HideSolutionNode = FALSE
	EndGlobalSection
EndGlobal
